
Microsoft Visual Studio Solution File, Format Version 12.00
# Visual Studio Version 17
VisualStudioVersion = 17.0.32014.148
MinimumVisualStudioVersion = 10.0.40219.1
Project("{9A19103F-16F7-4668-BE54-9A1E7A4F7556}") = "PuppyPlatform", "PuppyPlatform\PuppyPlatform.csproj", "{ECBC39C6-47D6-4FEB-A46B-CB01AE36828D}"
EndProject
Project("{9A19103F-16F7-4668-BE54-9A1E7A4F7556}") = "PuppyAPI", "PuppyAPI\PuppyAPI.csproj", "{96E15094-9DED-43A5-A9DC-F9F12371CB4B}"
EndProject
Project("{FAE04EC0-301F-11D3-BF4B-00C04F79EFBC}") = "PuppyAPITest", "PuppyAPITest\PuppyAPITest.csproj", "{816D4441-7B04-4BEF-999E-2CBDCF5F8F2E}"
EndProject
Global
	GlobalSection(SolutionConfigurationPlatforms) = preSolution
		Debug|Any CPU = Debug|Any CPU
		Release|Any CPU = Release|Any CPU
	EndGlobalSection
	GlobalSection(ProjectConfigurationPlatforms) = postSolution
		{ECBC39C6-47D6-4FEB-A46B-CB01AE36828D}.Debug|Any CPU.ActiveCfg = Debug|Any CPU
		{ECBC39C6-47D6-4FEB-A46B-CB01AE36828D}.Debug|Any CPU.Build.0 = Debug|Any CPU
		{ECBC39C6-47D6-4FEB-A46B-CB01AE36828D}.Release|Any CPU.ActiveCfg = Release|Any CPU
		{ECBC39C6-47D6-4FEB-A46B-CB01AE36828D}.Release|Any CPU.Build.0 = Release|Any CPU
		{96E15094-9DED-43A5-A9DC-F9F12371CB4B}.Debug|Any CPU.ActiveCfg = Debug|Any CPU
		{96E15094-9DED-43A5-A9DC-F9F12371CB4B}.Debug|Any CPU.Build.0 = Debug|Any CPU
		{96E15094-9DED-43A5-A9DC-F9F12371CB4B}.Release|Any CPU.ActiveCfg = Release|Any CPU
		{96E15094-9DED-43A5-A9DC-F9F12371CB4B}.Release|Any CPU.Build.0 = Release|Any CPU
		{816D4441-7B04-4BEF-999E-2CBDCF5F8F2E}.Debug|Any CPU.ActiveCfg = Debug|Any CPU
		{816D4441-7B04-4BEF-999E-2CBDCF5F8F2E}.Debug|Any CPU.Build.0 = Debug|Any CPU
		{816D4441-7B04-4BEF-999E-2CBDCF5F8F2E}.Release|Any CPU.ActiveCfg = Release|Any CPU
		{816D4441-7B04-4BEF-999E-2CBDCF5F8F2E}.Release|Any CPU.Build.0 = Release|Any CPU
	EndGlobalSection
	GlobalSection(SolutionProperties) = preSolution
		HideSolutionNode = FALSE
	EndGlobalSection
	GlobalSection(ExtensibilityGlobals) = postSolution
		SolutionGuid = {FCD161BB-59FE-4B17-A11F-F8095DA32815}
	EndGlobalSection
EndGlobal
